
Microsoft Visual Studio Solution File, Format Version 12.00
# Visual Studio 15
VisualStudioVersion = 15.0.28307.329
MinimumVisualStudioVersion = 10.0.40219.1
Project("{9A19103F-16F7-4668-BE54-9A1E7A4F7556}") = "ConsoleApp1", "ConsoleApp1\ConsoleApp1.csproj", "{28B40B2A-CCC0-4F43-8C0D-CE6335C02817}"
EndProject
Project("{9A19103F-16F7-4668-BE54-9A1E7A4F7556}") = "ConsoleApp2", "ConsoleApp2\ConsoleApp2.csproj", "{B21322DC-E3E1-4F58-8293-4E244CAC688A}"
EndProject
Project("{FAE04EC0-301F-11D3-BF4B-00C04F79EFBC}") = "ConsoleApp3", "ConsoleApp3\ConsoleApp3.csproj", "{21C62AE1-8FB3-4F8F-8BE4-E045C4D0F773}"
EndProject
Project("{FAE04EC0-301F-11D3-BF4B-00C04F79EFBC}") = "DIMSClient", "WindowsFormsApp1\DIMSClient.csproj", "{4DB23370-26B7-4A26-8A23-60F34BD47DED}"
EndProject
Global
	GlobalSection(SolutionConfigurationPlatforms) = preSolution
		Debug|Any CPU = Debug|Any CPU
		Release|Any CPU = Release|Any CPU
	EndGlobalSection
	GlobalSection(ProjectConfigurationPlatforms) = postSolution
		{28B40B2A-CCC0-4F43-8C0D-CE6335C02817}.Debug|Any CPU.ActiveCfg = Debug|Any CPU
		{28B40B2A-CCC0-4F43-8C0D-CE6335C02817}.Debug|Any CPU.Build.0 = Debug|Any CPU
		{28B40B2A-CCC0-4F43-8C0D-CE6335C02817}.Release|Any CPU.ActiveCfg = Release|Any CPU
		{28B40B2A-CCC0-4F43-8C0D-CE6335C02817}.Release|Any CPU.Build.0 = Release|Any CPU
		{B21322DC-E3E1-4F58-8293-4E244CAC688A}.Debug|Any CPU.ActiveCfg = Debug|Any CPU
		{B21322DC-E3E1-4F58-8293-4E244CAC688A}.Debug|Any CPU.Build.0 = Debug|Any CPU
		{B21322DC-E3E1-4F58-8293-4E244CAC688A}.Release|Any CPU.ActiveCfg = Release|Any CPU
		{B21322DC-E3E1-4F58-8293-4E244CAC688A}.Release|Any CPU.Build.0 = Release|Any CPU
		{21C62AE1-8FB3-4F8F-8BE4-E045C4D0F773}.Debug|Any CPU.ActiveCfg = Debug|Any CPU
		{21C62AE1-8FB3-4F8F-8BE4-E045C4D0F773}.Debug|Any CPU.Build.0 = Debug|Any CPU
		{21C62AE1-8FB3-4F8F-8BE4-E045C4D0F773}.Release|Any CPU.ActiveCfg = Release|Any CPU
		{21C62AE1-8FB3-4F8F-8BE4-E045C4D0F773}.Release|Any CPU.Build.0 = Release|Any CPU
		{4DB23370-26B7-4A26-8A23-60F34BD47DED}.Debug|Any CPU.ActiveCfg = Debug|Any CPU
		{4DB23370-26B7-4A26-8A23-60F34BD47DED}.Debug|Any CPU.Build.0 = Debug|Any CPU
		{4DB23370-26B7-4A26-8A23-60F34BD47DED}.Release|Any CPU.ActiveCfg = Release|Any CPU
		{4DB23370-26B7-4A26-8A23-60F34BD47DED}.Release|Any CPU.Build.0 = Release|Any CPU
	EndGlobalSection
	GlobalSection(SolutionProperties) = preSolution
		HideSolutionNode = FALSE
	EndGlobalSection
	GlobalSection(ExtensibilityGlobals) = postSolution
		SolutionGuid = {D20BCBA0-FB74-40ED-B999-6D848CCE3A3A}
	EndGlobalSection
EndGlobal
